
Microsoft Visual Studio Solution File, Format Version 12.00
# Visual Studio Version 17
VisualStudioVersion = 17.0.31903.59
MinimumVisualStudioVersion = 10.0.40219.1
Project("{2150E333-8FDC-42A3-9474-1A3956D46DE8}") = "src", "src", "{827E0CD3-B72D-47B6-A68D-7590B98EB39B}"
EndProject
Project("{FAE04EC0-301F-11D3-BF4B-00C04F79EFBC}") = "FileStorage.Shared", "src\FileStorage.Shared\FileStorage.Shared.csproj", "{2C1CA93B-8F86-4EC2-8419-42AA13E2545B}"
EndProject
Project("{2150E333-8FDC-42A3-9474-1A3956D46DE8}") = "IdentityService", "IdentityService", "{F8B90FFE-BB37-8A69-F901-2B9289615797}"
EndProject
Project("{FAE04EC0-301F-11D3-BF4B-00C04F79EFBC}") = "FileStorage.IdentityService.Domain", "src\IdentityService\FileStorage.IdentityService.Domain\FileStorage.IdentityService.Domain.csproj", "{EFD9373A-5AE7-4968-B179-62A3F2AA5E1F}"
EndProject
Project("{FAE04EC0-301F-11D3-BF4B-00C04F79EFBC}") = "FileStorage.IdentityService.Application", "src\IdentityService\FileStorage.IdentityService.Application\FileStorage.IdentityService.Application.csproj", "{076D8AAA-7822-4363-820D-3ED4044C2FAE}"
EndProject
Project("{FAE04EC0-301F-11D3-BF4B-00C04F79EFBC}") = "FileStorage.IdentityService.Infrastructure", "src\IdentityService\FileStorage.IdentityService.Infrastructure\FileStorage.IdentityService.Infrastructure.csproj", "{0DF9FB0F-6A02-4C9A-A111-61E6B4B95283}"
EndProject
Project("{FAE04EC0-301F-11D3-BF4B-00C04F79EFBC}") = "FileStorage.IdentityService.API", "src\IdentityService\FileStorage.IdentityService.API\FileStorage.IdentityService.API.csproj", "{AA4F025A-B15A-49E9-955D-4DAA0996C361}"
EndProject
Project("{2150E333-8FDC-42A3-9474-1A3956D46DE8}") = "FileService", "FileService", "{45D3C3D5-F362-778A-3909-C047F512E689}"
EndProject
Project("{FAE04EC0-301F-11D3-BF4B-00C04F79EFBC}") = "FileStorage.FileService.Domain", "src\FileService\FileStorage.FileService.Domain\FileStorage.FileService.Domain.csproj", "{FAA176B1-C643-4ED6-B20F-79B4878BA3EC}"
EndProject
Project("{FAE04EC0-301F-11D3-BF4B-00C04F79EFBC}") = "FileStorage.FileService.Application", "src\FileService\FileStorage.FileService.Application\FileStorage.FileService.Application.csproj", "{2091F945-57A7-473D-AAF6-285F42EB701E}"
EndProject
Project("{FAE04EC0-301F-11D3-BF4B-00C04F79EFBC}") = "FileStorage.FileService.Infrastructure", "src\FileService\FileStorage.FileService.Infrastructure\FileStorage.FileService.Infrastructure.csproj", "{ADF3A33E-8BF2-4FDE-BD06-EF44AD92144A}"
EndProject
Project("{FAE04EC0-301F-11D3-BF4B-00C04F79EFBC}") = "FileStorage.FileService.API", "src\FileService\FileStorage.FileService.API\FileStorage.FileService.API.csproj", "{FA5A65A6-55F4-4BCE-8A9B-E21C7D07D0A0}"
EndProject
Project("{2150E333-8FDC-42A3-9474-1A3956D46DE8}") = "NotificationService", "NotificationService", "{9ED238A0-938C-9A3F-DDEA-9079E74DEC51}"
EndProject
Project("{FAE04EC0-301F-11D3-BF4B-00C04F79EFBC}") = "FileStorage.NotificationService.API", "src\NotificationService\FileStorage.NotificationService.API\FileStorage.NotificationService.API.csproj", "{109AFF33-747A-4ED8-BD67-3C140F708619}"
EndProject
Project("{2150E333-8FDC-42A3-9474-1A3956D46DE8}") = "ApiGateway", "ApiGateway", "{FCA01246-F2C6-0AA7-D43F-FD13BE0B9D88}"
EndProject
Project("{FAE04EC0-301F-11D3-BF4B-00C04F79EFBC}") = "FileStorage.ApiGateway", "src\ApiGateway\FileStorage.ApiGateway\FileStorage.ApiGateway.csproj", "{BCD752D1-A476-45AF-B1F6-408DDB098CD3}"
EndProject
Project("{2150E333-8FDC-42A3-9474-1A3956D46DE8}") = "tests", "tests", "{0AB3BF05-4346-4AA6-1389-037BE0695223}"
EndProject
Project("{2150E333-8FDC-42A3-9474-1A3956D46DE8}") = "IdentityService", "IdentityService", "{8BAA4083-58BC-B63B-9E7D-D0E4329B6D18}"
EndProject
Project("{FAE04EC0-301F-11D3-BF4B-00C04F79EFBC}") = "FileStorage.IdentityService.Tests", "tests\IdentityService\FileStorage.IdentityService.Tests.csproj", "{FA8E6701-9B6F-483A-A539-31BD7F08247A}"
EndProject
Project("{2150E333-8FDC-42A3-9474-1A3956D46DE8}") = "FileService", "FileService", "{5D16EB2A-4277-0F89-99C5-C4D4C0C1E5F5}"
EndProject
Project("{FAE04EC0-301F-11D3-BF4B-00C04F79EFBC}") = "FileStorage.FileService.Tests", "tests\FileService\FileStorage.FileService.Tests.csproj", "{50CAE756-3D83-4194-BBFA-C9A35A6304C7}"
EndProject
Project("{2150E333-8FDC-42A3-9474-1A3956D46DE8}") = "NotificationService", "NotificationService", "{373E30FD-BCEC-69B7-907A-0B30C931584B}"
EndProject
Project("{FAE04EC0-301F-11D3-BF4B-00C04F79EFBC}") = "FileStorage.NotificationService.Tests", "tests\NotificationService\FileStorage.NotificationService.Tests.csproj", "{A6A1283C-7BB6-4CC1-93BC-BD3AC3433688}"
EndProject
Global
	GlobalSection(SolutionConfigurationPlatforms) = preSolution
		Debug|Any CPU = Debug|Any CPU
		Debug|x64 = Debug|x64
		Debug|x86 = Debug|x86
		Release|Any CPU = Release|Any CPU
		Release|x64 = Release|x64
		Release|x86 = Release|x86
	EndGlobalSection
	GlobalSection(ProjectConfigurationPlatforms) = postSolution
		{2C1CA93B-8F86-4EC2-8419-42AA13E2545B}.Debug|Any CPU.ActiveCfg = Debug|Any CPU
		{2C1CA93B-8F86-4EC2-8419-42AA13E2545B}.Debug|Any CPU.Build.0 = Debug|Any CPU
		{2C1CA93B-8F86-4EC2-8419-42AA13E2545B}.Debug|x64.ActiveCfg = Debug|Any CPU
		{2C1CA93B-8F86-4EC2-8419-42AA13E2545B}.Debug|x64.Build.0 = Debug|Any CPU
		{2C1CA93B-8F86-4EC2-8419-42AA13E2545B}.Debug|x86.ActiveCfg = Debug|Any CPU
		{2C1CA93B-8F86-4EC2-8419-42AA13E2545B}.Debug|x86.Build.0 = Debug|Any CPU
		{2C1CA93B-8F86-4EC2-8419-42AA13E2545B}.Release|Any CPU.ActiveCfg = Release|Any CPU
		{2C1CA93B-8F86-4EC2-8419-42AA13E2545B}.Release|Any CPU.Build.0 = Release|Any CPU
		{2C1CA93B-8F86-4EC2-8419-42AA13E2545B}.Release|x64.ActiveCfg = Release|Any CPU
		{2C1CA93B-8F86-4EC2-8419-42AA13E2545B}.Release|x64.Build.0 = Release|Any CPU
		{2C1CA93B-8F86-4EC2-8419-42AA13E2545B}.Release|x86.ActiveCfg = Release|Any CPU
		{2C1CA93B-8F86-4EC2-8419-42AA13E2545B}.Release|x86.Build.0 = Release|Any CPU
		{EFD9373A-5AE7-4968-B179-62A3F2AA5E1F}.Debug|Any CPU.ActiveCfg = Debug|Any CPU
		{EFD9373A-5AE7-4968-B179-62A3F2AA5E1F}.Debug|Any CPU.Build.0 = Debug|Any CPU
		{EFD9373A-5AE7-4968-B179-62A3F2AA5E1F}.Debug|x64.ActiveCfg = Debug|Any CPU
		{EFD9373A-5AE7-4968-B179-62A3F2AA5E1F}.Debug|x64.Build.0 = Debug|Any CPU
		{EFD9373A-5AE7-4968-B179-62A3F2AA5E1F}.Debug|x86.ActiveCfg = Debug|Any CPU
		{EFD9373A-5AE7-4968-B179-62A3F2AA5E1F}.Debug|x86.Build.0 = Debug|Any CPU
		{EFD9373A-5AE7-4968-B179-62A3F2AA5E1F}.Release|Any CPU.ActiveCfg = Release|Any CPU
		{EFD9373A-5AE7-4968-B179-62A3F2AA5E1F}.Release|Any CPU.Build.0 = Release|Any CPU
		{EFD9373A-5AE7-4968-B179-62A3F2AA5E1F}.Release|x64.ActiveCfg = Release|Any CPU
		{EFD9373A-5AE7-4968-B179-62A3F2AA5E1F}.Release|x64.Build.0 = Release|Any CPU
		{EFD9373A-5AE7-4968-B179-62A3F2AA5E1F}.Release|x86.ActiveCfg = Release|Any CPU
		{EFD9373A-5AE7-4968-B179-62A3F2AA5E1F}.Release|x86.Build.0 = Release|Any CPU
		{076D8AAA-7822-4363-820D-3ED4044C2FAE}.Debug|Any CPU.ActiveCfg = Debug|Any CPU
		{076D8AAA-7822-4363-820D-3ED4044C2FAE}.Debug|Any CPU.Build.0 = Debug|Any CPU
		{076D8AAA-7822-4363-820D-3ED4044C2FAE}.Debug|x64.ActiveCfg = Debug|Any CPU
		{076D8AAA-7822-4363-820D-3ED4044C2FAE}.Debug|x64.Build.0 = Debug|Any CPU
		{076D8AAA-7822-4363-820D-3ED4044C2FAE}.Debug|x86.ActiveCfg = Debug|Any CPU
		{076D8AAA-7822-4363-820D-3ED4044C2FAE}.Debug|x86.Build.0 = Debug|Any CPU
		{076D8AAA-7822-4363-820D-3ED4044C2FAE}.Release|Any CPU.ActiveCfg = Release|Any CPU
		{076D8AAA-7822-4363-820D-3ED4044C2FAE}.Release|Any CPU.Build.0 = Release|Any CPU
		{076D8AAA-7822-4363-820D-3ED4044C2FAE}.Release|x64.ActiveCfg = Release|Any CPU
		{076D8AAA-7822-4363-820D-3ED4044C2FAE}.Release|x64.Build.0 = Release|Any CPU
		{076D8AAA-7822-4363-820D-3ED4044C2FAE}.Release|x86.ActiveCfg = Release|Any CPU
		{076D8AAA-7822-4363-820D-3ED4044C2FAE}.Release|x86.Build.0 = Release|Any CPU
		{0DF9FB0F-6A02-4C9A-A111-61E6B4B95283}.Debug|Any CPU.ActiveCfg = Debug|Any CPU
		{0DF9FB0F-6A02-4C9A-A111-61E6B4B95283}.Debug|Any CPU.Build.0 = Debug|Any CPU
		{0DF9FB0F-6A02-4C9A-A111-61E6B4B95283}.Debug|x64.ActiveCfg = Debug|Any CPU
		{0DF9FB0F-6A02-4C9A-A111-61E6B4B95283}.Debug|x64.Build.0 = Debug|Any CPU
		{0DF9FB0F-6A02-4C9A-A111-61E6B4B95283}.Debug|x86.ActiveCfg = Debug|Any CPU
		{0DF9FB0F-6A02-4C9A-A111-61E6B4B95283}.Debug|x86.Build.0 = Debug|Any CPU
		{0DF9FB0F-6A02-4C9A-A111-61E6B4B95283}.Release|Any CPU.ActiveCfg = Release|Any CPU
		{0DF9FB0F-6A02-4C9A-A111-61E6B4B95283}.Release|Any CPU.Build.0 = Release|Any CPU
		{0DF9FB0F-6A02-4C9A-A111-61E6B4B95283}.Release|x64.ActiveCfg = Release|Any CPU
		{0DF9FB0F-6A02-4C9A-A111-61E6B4B95283}.Release|x64.Build.0 = Release|Any CPU
		{0DF9FB0F-6A02-4C9A-A111-61E6B4B95283}.Release|x86.ActiveCfg = Release|Any CPU
		{0DF9FB0F-6A02-4C9A-A111-61E6B4B95283}.Release|x86.Build.0 = Release|Any CPU
		{AA4F025A-B15A-49E9-955D-4DAA0996C361}.Debug|Any CPU.ActiveCfg = Debug|Any CPU
		{AA4F025A-B15A-49E9-955D-4DAA0996C361}.Debug|Any CPU.Build.0 = Debug|Any CPU
		{AA4F025A-B15A-49E9-955D-4DAA0996C361}.Debug|x64.ActiveCfg = Debug|Any CPU
		{AA4F025A-B15A-49E9-955D-4DAA0996C361}.Debug|x64.Build.0 = Debug|Any CPU
		{AA4F025A-B15A-49E9-955D-4DAA0996C361}.Debug|x86.ActiveCfg = Debug|Any CPU
		{AA4F025A-B15A-49E9-955D-4DAA0996C361}.Debug|x86.Build.0 = Debug|Any CPU
		{AA4F025A-B15A-49E9-955D-4DAA0996C361}.Release|Any CPU.ActiveCfg = Release|Any CPU
		{AA4F025A-B15A-49E9-955D-4DAA0996C361}.Release|Any CPU.Build.0 = Release|Any CPU
		{AA4F025A-B15A-49E9-955D-4DAA0996C361}.Release|x64.ActiveCfg = Release|Any CPU
		{AA4F025A-B15A-49E9-955D-4DAA0996C361}.Release|x64.Build.0 = Release|Any CPU
		{AA4F025A-B15A-49E9-955D-4DAA0996C361}.Release|x86.ActiveCfg = Release|Any CPU
		{AA4F025A-B15A-49E9-955D-4DAA0996C361}.Release|x86.Build.0 = Release|Any CPU
		{FAA176B1-C643-4ED6-B20F-79B4878BA3EC}.Debug|Any CPU.ActiveCfg = Debug|Any CPU
		{FAA176B1-C643-4ED6-B20F-79B4878BA3EC}.Debug|Any CPU.Build.0 = Debug|Any CPU
		{FAA176B1-C643-4ED6-B20F-79B4878BA3EC}.Debug|x64.ActiveCfg = Debug|Any CPU
		{FAA176B1-C643-4ED6-B20F-79B4878BA3EC}.Debug|x64.Build.0 = Debug|Any CPU
		{FAA176B1-C643-4ED6-B20F-79B4878BA3EC}.Debug|x86.ActiveCfg = Debug|Any CPU
		{FAA176B1-C643-4ED6-B20F-79B4878BA3EC}.Debug|x86.Build.0 = Debug|Any CPU
		{FAA176B1-C643-4ED6-B20F-79B4878BA3EC}.Release|Any CPU.ActiveCfg = Release|Any CPU
		{FAA176B1-C643-4ED6-B20F-79B4878BA3EC}.Release|Any CPU.Build.0 = Release|Any CPU
		{FAA176B1-C643-4ED6-B20F-79B4878BA3EC}.Release|x64.ActiveCfg = Release|Any CPU
		{FAA176B1-C643-4ED6-B20F-79B4878BA3EC}.Release|x64.Build.0 = Release|Any CPU
		{FAA176B1-C643-4ED6-B20F-79B4878BA3EC}.Release|x86.ActiveCfg = Release|Any CPU
		{FAA176B1-C643-4ED6-B20F-79B4878BA3EC}.Release|x86.Build.0 = Release|Any CPU
		{2091F945-57A7-473D-AAF6-285F42EB701E}.Debug|Any CPU.ActiveCfg = Debug|Any CPU
		{2091F945-57A7-473D-AAF6-285F42EB701E}.Debug|Any CPU.Build.0 = Debug|Any CPU
		{2091F945-57A7-473D-AAF6-285F42EB701E}.Debug|x64.ActiveCfg = Debug|Any CPU
		{2091F945-57A7-473D-AAF6-285F42EB701E}.Debug|x64.Build.0 = Debug|Any CPU
		{2091F945-57A7-473D-AAF6-285F42EB701E}.Debug|x86.ActiveCfg = Debug|Any CPU
		{2091F945-57A7-473D-AAF6-285F42EB701E}.Debug|x86.Build.0 = Debug|Any CPU
		{2091F945-57A7-473D-AAF6-285F42EB701E}.Release|Any CPU.ActiveCfg = Release|Any CPU
		{2091F945-57A7-473D-AAF6-285F42EB701E}.Release|Any CPU.Build.0 = Release|Any CPU
		{2091F945-57A7-473D-AAF6-285F42EB701E}.Release|x64.ActiveCfg = Release|Any CPU
		{2091F945-57A7-473D-AAF6-285F42EB701E}.Release|x64.Build.0 = Release|Any CPU
		{2091F945-57A7-473D-AAF6-285F42EB701E}.Release|x86.ActiveCfg = Release|Any CPU
		{2091F945-57A7-473D-AAF6-285F42EB701E}.Release|x86.Build.0 = Release|Any CPU
		{ADF3A33E-8BF2-4FDE-BD06-EF44AD92144A}.Debug|Any CPU.ActiveCfg = Debug|Any CPU
		{ADF3A33E-8BF2-4FDE-BD06-EF44AD92144A}.Debug|Any CPU.Build.0 = Debug|Any CPU
		{ADF3A33E-8BF2-4FDE-BD06-EF44AD92144A}.Debug|x64.ActiveCfg = Debug|Any CPU
		{ADF3A33E-8BF2-4FDE-BD06-EF44AD92144A}.Debug|x64.Build.0 = Debug|Any CPU
		{ADF3A33E-8BF2-4FDE-BD06-EF44AD92144A}.Debug|x86.ActiveCfg = Debug|Any CPU
		{ADF3A33E-8BF2-4FDE-BD06-EF44AD92144A}.Debug|x86.Build.0 = Debug|Any CPU
		{ADF3A33E-8BF2-4FDE-BD06-EF44AD92144A}.Release|Any CPU.ActiveCfg = Release|Any CPU
		{ADF3A33E-8BF2-4FDE-BD06-EF44AD92144A}.Release|Any CPU.Build.0 = Release|Any CPU
		{ADF3A33E-8BF2-4FDE-BD06-EF44AD92144A}.Release|x64.ActiveCfg = Release|Any CPU
		{ADF3A33E-8BF2-4FDE-BD06-EF44AD92144A}.Release|x64.Build.0 = Release|Any CPU
		{ADF3A33E-8BF2-4FDE-BD06-EF44AD92144A}.Release|x86.ActiveCfg = Release|Any CPU
		{ADF3A33E-8BF2-4FDE-BD06-EF44AD92144A}.Release|x86.Build.0 = Release|Any CPU
		{FA5A65A6-55F4-4BCE-8A9B-E21C7D07D0A0}.Debug|Any CPU.ActiveCfg = Debug|Any CPU
		{FA5A65A6-55F4-4BCE-8A9B-E21C7D07D0A0}.Debug|Any CPU.Build.0 = Debug|Any CPU
		{FA5A65A6-55F4-4BCE-8A9B-E21C7D07D0A0}.Debug|x64.ActiveCfg = Debug|Any CPU
		{FA5A65A6-55F4-4BCE-8A9B-E21C7D07D0A0}.Debug|x64.Build.0 = Debug|Any CPU
		{FA5A65A6-55F4-4BCE-8A9B-E21C7D07D0A0}.Debug|x86.ActiveCfg = Debug|Any CPU
		{FA5A65A6-55F4-4BCE-8A9B-E21C7D07D0A0}.Debug|x86.Build.0 = Debug|Any CPU
		{FA5A65A6-55F4-4BCE-8A9B-E21C7D07D0A0}.Release|Any CPU.ActiveCfg = Release|Any CPU
		{FA5A65A6-55F4-4BCE-8A9B-E21C7D07D0A0}.Release|Any CPU.Build.0 = Release|Any CPU
		{FA5A65A6-55F4-4BCE-8A9B-E21C7D07D0A0}.Release|x64.ActiveCfg = Release|Any CPU
		{FA5A65A6-55F4-4BCE-8A9B-E21C7D07D0A0}.Release|x64.Build.0 = Release|Any CPU
		{FA5A65A6-55F4-4BCE-8A9B-E21C7D07D0A0}.Release|x86.ActiveCfg = Release|Any CPU
		{FA5A65A6-55F4-4BCE-8A9B-E21C7D07D0A0}.Release|x86.Build.0 = Release|Any CPU
		{109AFF33-747A-4ED8-BD67-3C140F708619}.Debug|Any CPU.ActiveCfg = Debug|Any CPU
		{109AFF33-747A-4ED8-BD67-3C140F708619}.Debug|Any CPU.Build.0 = Debug|Any CPU
		{109AFF33-747A-4ED8-BD67-3C140F708619}.Debug|x64.ActiveCfg = Debug|Any CPU
		{109AFF33-747A-4ED8-BD67-3C140F708619}.Debug|x64.Build.0 = Debug|Any CPU
		{109AFF33-747A-4ED8-BD67-3C140F708619}.Debug|x86.ActiveCfg = Debug|Any CPU
		{109AFF33-747A-4ED8-BD67-3C140F708619}.Debug|x86.Build.0 = Debug|Any CPU
		{109AFF33-747A-4ED8-BD67-3C140F708619}.Release|Any CPU.ActiveCfg = Release|Any CPU
		{109AFF33-747A-4ED8-BD67-3C140F708619}.Release|Any CPU.Build.0 = Release|Any CPU
		{109AFF33-747A-4ED8-BD67-3C140F708619}.Release|x64.ActiveCfg = Release|Any CPU
		{109AFF33-747A-4ED8-BD67-3C140F708619}.Release|x64.Build.0 = Release|Any CPU
		{109AFF33-747A-4ED8-BD67-3C140F708619}.Release|x86.ActiveCfg = Release|Any CPU
		{109AFF33-747A-4ED8-BD67-3C140F708619}.Release|x86.Build.0 = Release|Any CPU
		{BCD752D1-A476-45AF-B1F6-408DDB098CD3}.Debug|Any CPU.ActiveCfg = Debug|Any CPU
		{BCD752D1-A476-45AF-B1F6-408DDB098CD3}.Debug|Any CPU.Build.0 = Debug|Any CPU
		{BCD752D1-A476-45AF-B1F6-408DDB098CD3}.Debug|x64.ActiveCfg = Debug|Any CPU
		{BCD752D1-A476-45AF-B1F6-408DDB098CD3}.Debug|x64.Build.0 = Debug|Any CPU
		{BCD752D1-A476-45AF-B1F6-408DDB098CD3}.Debug|x86.ActiveCfg = Debug|Any CPU
		{BCD752D1-A476-45AF-B1F6-408DDB098CD3}.Debug|x86.Build.0 = Debug|Any CPU
		{BCD752D1-A476-45AF-B1F6-408DDB098CD3}.Release|Any CPU.ActiveCfg = Release|Any CPU
		{BCD752D1-A476-45AF-B1F6-408DDB098CD3}.Release|Any CPU.Build.0 = Release|Any CPU
		{BCD752D1-A476-45AF-B1F6-408DDB098CD3}.Release|x64.ActiveCfg = Release|Any CPU
		{BCD752D1-A476-45AF-B1F6-408DDB098CD3}.Release|x64.Build.0 = Release|Any CPU
		{BCD752D1-A476-45AF-B1F6-408DDB098CD3}.Release|x86.ActiveCfg = Release|Any CPU
		{BCD752D1-A476-45AF-B1F6-408DDB098CD3}.Release|x86.Build.0 = Release|Any CPU
		{FA8E6701-9B6F-483A-A539-31BD7F08247A}.Debug|Any CPU.ActiveCfg = Debug|Any CPU
		{FA8E6701-9B6F-483A-A539-31BD7F08247A}.Debug|Any CPU.Build.0 = Debug|Any CPU
		{FA8E6701-9B6F-483A-A539-31BD7F08247A}.Debug|x64.ActiveCfg = Debug|Any CPU
		{FA8E6701-9B6F-483A-A539-31BD7F08247A}.Debug|x64.Build.0 = Debug|Any CPU
		{FA8E6701-9B6F-483A-A539-31BD7F08247A}.Debug|x86.ActiveCfg = Debug|Any CPU
		{FA8E6701-9B6F-483A-A539-31BD7F08247A}.Debug|x86.Build.0 = Debug|Any CPU
		{FA8E6701-9B6F-483A-A539-31BD7F08247A}.Release|Any CPU.ActiveCfg = Release|Any CPU
		{FA8E6701-9B6F-483A-A539-31BD7F08247A}.Release|Any CPU.Build.0 = Release|Any CPU
		{FA8E6701-9B6F-483A-A539-31BD7F08247A}.Release|x64.ActiveCfg = Release|Any CPU
		{FA8E6701-9B6F-483A-A539-31BD7F08247A}.Release|x64.Build.0 = Release|Any CPU
		{FA8E6701-9B6F-483A-A539-31BD7F08247A}.Release|x86.ActiveCfg = Release|Any CPU
		{FA8E6701-9B6F-483A-A539-31BD7F08247A}.Release|x86.Build.0 = Release|Any CPU
		{50CAE756-3D83-4194-BBFA-C9A35A6304C7}.Debug|Any CPU.ActiveCfg = Debug|Any CPU
		{50CAE756-3D83-4194-BBFA-C9A35A6304C7}.Debug|Any CPU.Build.0 = Debug|Any CPU
		{50CAE756-3D83-4194-BBFA-C9A35A6304C7}.Debug|x64.ActiveCfg = Debug|Any CPU
		{50CAE756-3D83-4194-BBFA-C9A35A6304C7}.Debug|x64.Build.0 = Debug|Any CPU
		{50CAE756-3D83-4194-BBFA-C9A35A6304C7}.Debug|x86.ActiveCfg = Debug|Any CPU
		{50CAE756-3D83-4194-BBFA-C9A35A6304C7}.Debug|x86.Build.0 = Debug|Any CPU
		{50CAE756-3D83-4194-BBFA-C9A35A6304C7}.Release|Any CPU.ActiveCfg = Release|Any CPU
		{50CAE756-3D83-4194-BBFA-C9A35A6304C7}.Release|Any CPU.Build.0 = Release|Any CPU
		{50CAE756-3D83-4194-BBFA-C9A35A6304C7}.Release|x64.ActiveCfg = Release|Any CPU
		{50CAE756-3D83-4194-BBFA-C9A35A6304C7}.Release|x64.Build.0 = Release|Any CPU
		{50CAE756-3D83-4194-BBFA-C9A35A6304C7}.Release|x86.ActiveCfg = Release|Any CPU
		{50CAE756-3D83-4194-BBFA-C9A35A6304C7}.Release|x86.Build.0 = Release|Any CPU
		{A6A1283C-7BB6-4CC1-93BC-BD3AC3433688}.Debug|Any CPU.ActiveCfg = Debug|Any CPU
		{A6A1283C-7BB6-4CC1-93BC-BD3AC3433688}.Debug|Any CPU.Build.0 = Debug|Any CPU
		{A6A1283C-7BB6-4CC1-93BC-BD3AC3433688}.Debug|x64.ActiveCfg = Debug|Any CPU
		{A6A1283C-7BB6-4CC1-93BC-BD3AC3433688}.Debug|x64.Build.0 = Debug|Any CPU
		{A6A1283C-7BB6-4CC1-93BC-BD3AC3433688}.Debug|x86.ActiveCfg = Debug|Any CPU
		{A6A1283C-7BB6-4CC1-93BC-BD3AC3433688}.Debug|x86.Build.0 = Debug|Any CPU
		{A6A1283C-7BB6-4CC1-93BC-BD3AC3433688}.Release|Any CPU.ActiveCfg = Release|Any CPU
		{A6A1283C-7BB6-4CC1-93BC-BD3AC3433688}.Release|Any CPU.Build.0 = Release|Any CPU
		{A6A1283C-7BB6-4CC1-93BC-BD3AC3433688}.Release|x64.ActiveCfg = Release|Any CPU
		{A6A1283C-7BB6-4CC1-93BC-BD3AC3433688}.Release|x64.Build.0 = Release|Any CPU
		{A6A1283C-7BB6-4CC1-93BC-BD3AC3433688}.Release|x86.ActiveCfg = Release|Any CPU
		{A6A1283C-7BB6-4CC1-93BC-BD3AC3433688}.Release|x86.Build.0 = Release|Any CPU
	EndGlobalSection
	GlobalSection(SolutionProperties) = preSolution
		HideSolutionNode = FALSE
	EndGlobalSection
	GlobalSection(NestedProjects) = preSolution
		{2C1CA93B-8F86-4EC2-8419-42AA13E2545B} = {827E0CD3-B72D-47B6-A68D-7590B98EB39B}
		{F8B90FFE-BB37-8A69-F901-2B9289615797} = {827E0CD3-B72D-47B6-A68D-7590B98EB39B}
		{EFD9373A-5AE7-4968-B179-62A3F2AA5E1F} = {F8B90FFE-BB37-8A69-F901-2B9289615797}
		{076D8AAA-7822-4363-820D-3ED4044C2FAE} = {F8B90FFE-BB37-8A69-F901-2B9289615797}
		{0DF9FB0F-6A02-4C9A-A111-61E6B4B95283} = {F8B90FFE-BB37-8A69-F901-2B9289615797}
		{AA4F025A-B15A-49E9-955D-4DAA0996C361} = {F8B90FFE-BB37-8A69-F901-2B9289615797}
		{45D3C3D5-F362-778A-3909-C047F512E689} = {827E0CD3-B72D-47B6-A68D-7590B98EB39B}
		{FAA176B1-C643-4ED6-B20F-79B4878BA3EC} = {45D3C3D5-F362-778A-3909-C047F512E689}
		{2091F945-57A7-473D-AAF6-285F42EB701E} = {45D3C3D5-F362-778A-3909-C047F512E689}
		{ADF3A33E-8BF2-4FDE-BD06-EF44AD92144A} = {45D3C3D5-F362-778A-3909-C047F512E689}
		{FA5A65A6-55F4-4BCE-8A9B-E21C7D07D0A0} = {45D3C3D5-F362-778A-3909-C047F512E689}
		{9ED238A0-938C-9A3F-DDEA-9079E74DEC51} = {827E0CD3-B72D-47B6-A68D-7590B98EB39B}
		{109AFF33-747A-4ED8-BD67-3C140F708619} = {9ED238A0-938C-9A3F-DDEA-9079E74DEC51}
		{FCA01246-F2C6-0AA7-D43F-FD13BE0B9D88} = {827E0CD3-B72D-47B6-A68D-7590B98EB39B}
		{BCD752D1-A476-45AF-B1F6-408DDB098CD3} = {FCA01246-F2C6-0AA7-D43F-FD13BE0B9D88}
		{8BAA4083-58BC-B63B-9E7D-D0E4329B6D18} = {0AB3BF05-4346-4AA6-1389-037BE0695223}
		{FA8E6701-9B6F-483A-A539-31BD7F08247A} = {8BAA4083-58BC-B63B-9E7D-D0E4329B6D18}
		{5D16EB2A-4277-0F89-99C5-C4D4C0C1E5F5} = {0AB3BF05-4346-4AA6-1389-037BE0695223}
		{50CAE756-3D83-4194-BBFA-C9A35A6304C7} = {5D16EB2A-4277-0F89-99C5-C4D4C0C1E5F5}
		{373E30FD-BCEC-69B7-907A-0B30C931584B} = {0AB3BF05-4346-4AA6-1389-037BE0695223}
		{A6A1283C-7BB6-4CC1-93BC-BD3AC3433688} = {373E30FD-BCEC-69B7-907A-0B30C931584B}
	EndGlobalSection
EndGlobal
